Microsoft Visual Studio Solution File, Format Version 12.00
# Visual Studio Version 17
VisualStudioVersion = 17.2.32616.157
MinimumVisualStudioVersion = 10.0.40219.1
Project("{FAE04EC0-301F-11D3-BF4B-00C04F79EFBC}") = "LibraryMIS", "LibraryMIS\LibraryMIS.csproj", "{AF212538-948D-491A-BF31-27E2794AD7F0}"
EndProject
Project("{FAE04EC0-301F-11D3-BF4B-00C04F79EFBC}") = "DAL", "DAL\DAL.csproj", "{BA1D3EF6-4BB5-4094-BAB4-FF356F7CB8DE}"
EndProject
Project("{FAE04EC0-301F-11D3-BF4B-00C04F79EFBC}") = "BLL", "BLL\BLL.csproj", "{BE618FF0-B7BA-41B1-B79C-F6ACCC0CB6DF}"
EndProject
Project("{FAE04EC0-301F-11D3-BF4B-00C04F79EFBC}") = "Model", "Model\Model.csproj", "{35C80A9F-4D17-4F50-91CD-D241ABAE130B}"
EndProject
Global
	GlobalSection(SolutionConfigurationPlatforms) = preSolution
		CD_ROM|Any CPU = CD_ROM|Any CPU
		Debug|Any CPU = Debug|Any CPU
		DVD-5|Any CPU = DVD-5|Any CPU
		Release|Any CPU = Release|Any CPU
		SingleImage|Any CPU = SingleImage|Any CPU
	EndGlobalSection
	GlobalSection(ProjectConfigurationPlatforms) = postSolution
		{AF212538-948D-491A-BF31-27E2794AD7F0}.CD_ROM|Any CPU.ActiveCfg = Release|Any CPU
		{AF212538-948D-491A-BF31-27E2794AD7F0}.CD_ROM|Any CPU.Build.0 = Release|Any CPU
		{AF212538-948D-491A-BF31-27E2794AD7F0}.Debug|Any CPU.ActiveCfg = Debug|Any CPU
		{AF212538-948D-491A-BF31-27E2794AD7F0}.Debug|Any CPU.Build.0 = Debug|Any CPU
		{AF212538-948D-491A-BF31-27E2794AD7F0}.DVD-5|Any CPU.ActiveCfg = Debug|Any CPU
		{AF212538-948D-491A-BF31-27E2794AD7F0}.DVD-5|Any CPU.Build.0 = Debug|Any CPU
		{AF212538-948D-491A-BF31-27E2794AD7F0}.Release|Any CPU.ActiveCfg = Release|Any CPU
		{AF212538-948D-491A-BF31-27E2794AD7F0}.Release|Any CPU.Build.0 = Release|Any CPU
		{AF212538-948D-491A-BF31-27E2794AD7F0}.SingleImage|Any CPU.ActiveCfg = Release|Any CPU
		{AF212538-948D-491A-BF31-27E2794AD7F0}.SingleImage|Any CPU.Build.0 = Release|Any CPU
		{BA1D3EF6-4BB5-4094-BAB4-FF356F7CB8DE}.CD_ROM|Any CPU.ActiveCfg = Debug|Any CPU
		{BA1D3EF6-4BB5-4094-BAB4-FF356F7CB8DE}.CD_ROM|Any CPU.Build.0 = Debug|Any CPU
		{BA1D3EF6-4BB5-4094-BAB4-FF356F7CB8DE}.Debug|Any CPU.ActiveCfg = Debug|Any CPU
		{BA1D3EF6-4BB5-4094-BAB4-FF356F7CB8DE}.Debug|Any CPU.Build.0 = Debug|Any CPU
		{BA1D3EF6-4BB5-4094-BAB4-FF356F7CB8DE}.DVD-5|Any CPU.ActiveCfg = Debug|Any CPU
		{BA1D3EF6-4BB5-4094-BAB4-FF356F7CB8DE}.DVD-5|Any CPU.Build.0 = Debug|Any CPU
		{BA1D3EF6-4BB5-4094-BAB4-FF356F7CB8DE}.Release|Any CPU.ActiveCfg = Release|Any CPU
		{BA1D3EF6-4BB5-4094-BAB4-FF356F7CB8DE}.Release|Any CPU.Build.0 = Release|Any CPU
		{BA1D3EF6-4BB5-4094-BAB4-FF356F7CB8DE}.SingleImage|Any CPU.ActiveCfg = Debug|Any CPU
		{BA1D3EF6-4BB5-4094-BAB4-FF356F7CB8DE}.SingleImage|Any CPU.Build.0 = Debug|Any CPU
		{BE618FF0-B7BA-41B1-B79C-F6ACCC0CB6DF}.CD_ROM|Any CPU.ActiveCfg = Debug|Any CPU
		{BE618FF0-B7BA-41B1-B79C-F6ACCC0CB6DF}.CD_ROM|Any CPU.Build.0 = Debug|Any CPU
		{BE618FF0-B7BA-41B1-B79C-F6ACCC0CB6DF}.Debug|Any CPU.ActiveCfg = Debug|Any CPU
		{BE618FF0-B7BA-41B1-B79C-F6ACCC0CB6DF}.Debug|Any CPU.Build.0 = Debug|Any CPU
		{BE618FF0-B7BA-41B1-B79C-F6ACCC0CB6DF}.DVD-5|Any CPU.ActiveCfg = Debug|Any CPU
		{BE618FF0-B7BA-41B1-B79C-F6ACCC0CB6DF}.DVD-5|Any CPU.Build.0 = Debug|Any CPU
		{BE618FF0-B7BA-41B1-B79C-F6ACCC0CB6DF}.Release|Any CPU.ActiveCfg = Release|Any CPU
		{BE618FF0-B7BA-41B1-B79C-F6ACCC0CB6DF}.Release|Any CPU.Build.0 = Release|Any CPU
		{BE618FF0-B7BA-41B1-B79C-F6ACCC0CB6DF}.SingleImage|Any CPU.ActiveCfg = Debug|Any CPU
		{BE618FF0-B7BA-41B1-B79C-F6ACCC0CB6DF}.SingleImage|Any CPU.Build.0 = Debug|Any CPU
		{35C80A9F-4D17-4F50-91CD-D241ABAE130B}.CD_ROM|Any CPU.ActiveCfg = Debug|Any CPU
		{35C80A9F-4D17-4F50-91CD-D241ABAE130B}.CD_ROM|Any CPU.Build.0 = Debug|Any CPU
		{35C80A9F-4D17-4F50-91CD-D241ABAE130B}.Debug|Any CPU.ActiveCfg = Debug|Any CPU
		{35C80A9F-4D17-4F50-91CD-D241ABAE130B}.Debug|Any CPU.Build.0 = Debug|Any CPU
		{35C80A9F-4D17-4F50-91CD-D241ABAE130B}.DVD-5|Any CPU.ActiveCfg = Debug|Any CPU
		{35C80A9F-4D17-4F50-91CD-D241ABAE130B}.DVD-5|Any CPU.Build.0 = Debug|Any CPU
		{35C80A9F-4D17-4F50-91CD-D241ABAE130B}.Release|Any CPU.ActiveCfg = Release|Any CPU
		{35C80A9F-4D17-4F50-91CD-D241ABAE130B}.Release|Any CPU.Build.0 = Release|Any CPU
		{35C80A9F-4D17-4F50-91CD-D241ABAE130B}.SingleImage|Any CPU.ActiveCfg = Debug|Any CPU
		{35C80A9F-4D17-4F50-91CD-D241ABAE130B}.SingleImage|Any CPU.Build.0 = Debug|Any CPU
	EndGlobalSection
	GlobalSection(SolutionProperties) = preSolution
		HideSolutionNode = FALSE
	EndGlobalSection
	GlobalSection(ExtensibilityGlobals) = postSolution
		SolutionGuid = {1E565382-6B3F-42D4-B6CB-55E73379EA5A}
	EndGlobalSection
EndGlobal
